
Microsoft Visual Studio Solution File, Format Version 12.00
# Visual Studio Version 17
VisualStudioVersion = 17.2.32630.192
MinimumVisualStudioVersion = 10.0.40219.1
Project("{FAE04EC0-301F-11D3-BF4B-00C04F79EFBC}") = "VTNT1", "VTNT1\VTNT1.csproj", "{CDAA6E28-8EAA-4997-9569-004F74C061C8}"
EndProject
Global
	GlobalSection(SolutionConfigurationPlatforms) = preSolution
		Debug|Any CPU = Debug|Any CPU
		Release|Any CPU = Release|Any CPU
	EndGlobalSection
	GlobalSection(ProjectConfigurationPlatforms) = postSolution
		{CDAA6E28-8EAA-4997-9569-004F74C061C8}.Debug|Any CPU.ActiveCfg = Debug|Any CPU
		{CDAA6E28-8EAA-4997-9569-004F74C061C8}.Debug|Any CPU.Build.0 = Debug|Any CPU
		{CDAA6E28-8EAA-4997-9569-004F74C061C8}.Release|Any CPU.ActiveCfg = Release|Any CPU
		{CDAA6E28-8EAA-4997-9569-004F74C061C8}.Release|Any CPU.Build.0 = Release|Any CPU
	EndGlobalSection
	GlobalSection(SolutionProperties) = preSolution
		HideSolutionNode = FALSE
	EndGlobalSection
	GlobalSection(ExtensibilityGlobals) = postSolution
		SolutionGuid = {3898DF96-55EA-40FB-A5E3-0470D40D4C9F}
	EndGlobalSection
EndGlobal
